
Microsoft Visual Studio Solution File, Format Version 12.00
# Visual Studio Version 16
VisualStudioVersion = 25.0.1705.1
MinimumVisualStudioVersion = 10.0.40219.1
Project("{FAE04EC0-301F-11D3-BF4B-00C04F79EFBC}") = "zadanie2", "zadanie2\zadanie2.csproj", "{DF1D0566-1C21-4D0C-A149-DDEF87B9FC3D}"
EndProject
Global
	GlobalSection(SolutionConfigurationPlatforms) = preSolution
		Debug|Any CPU = Debug|Any CPU
		Release|Any CPU = Release|Any CPU
	EndGlobalSection
	GlobalSection(ProjectConfigurationPlatforms) = postSolution
		{DF1D0566-1C21-4D0C-A149-DDEF87B9FC3D}.Debug|Any CPU.ActiveCfg = Debug|Any CPU
		{DF1D0566-1C21-4D0C-A149-DDEF87B9FC3D}.Debug|Any CPU.Build.0 = Debug|Any CPU
		{DF1D0566-1C21-4D0C-A149-DDEF87B9FC3D}.Release|Any CPU.ActiveCfg = Release|Any CPU
		{DF1D0566-1C21-4D0C-A149-DDEF87B9FC3D}.Release|Any CPU.Build.0 = Release|Any CPU
	EndGlobalSection
	GlobalSection(SolutionProperties) = preSolution
		HideSolutionNode = FALSE
	EndGlobalSection
	GlobalSection(ExtensibilityGlobals) = postSolution
		SolutionGuid = {F81CFC04-F70B-445B-8EB9-8B1CB68D415D}
	EndGlobalSection
EndGlobal
