// !$*UTF8*$!
{
	archiveVersion = 1;
	classes = {
	};
	objectVersion = 56;
	objects = {

/* Begin PBXBuildFile section */
		7293D26229E77A9400E92A69 /* main.cpp in Sources */ = {isa = PBXBuildFile; fileRef = 7293D26129E77A9400E92A69 /* main.cpp */; };
		7293D28629E77DC000E92A69 /* colornt.cpp in Sources */ = {isa = PBXBuildFile; fileRef = 7293D27B29E77DC000E92A69 /* colornt.cpp */; };
		7293D28729E77DC000E92A69 /* color.cpp in Sources */ = {isa = PBXBuildFile; fileRef = 7293D27C29E77DC000E92A69 /* color.cpp */; };
		7293D28829E77DC000E92A69 /* namedColor.cpp in Sources */ = {isa = PBXBuildFile; fileRef = 7293D28029E77DC000E92A69 /* namedColor.cpp */; };
		7293D28929E77DC000E92A69 /* pixel.cpp in Sources */ = {isa = PBXBuildFile; fileRef = 7293D28129E77DC000E92A69 /* pixel.cpp */; };
		7293D28A29E77DC000E92A69 /* coloredPixel.cpp in Sources */ = {isa = PBXBuildFile; fileRef = 7293D28429E77DC000E92A69 /* coloredPixel.cpp */; };
		7293D28B29E77DC000E92A69 /* transparentColor.cpp in Sources */ = {isa = PBXBuildFile; fileRef = 7293D28529E77DC000E92A69 /* transparentColor.cpp */; };
/* End PBXBuildFile section */

/* Begin PBXCopyFilesBuildPhase section */
		7293D25C29E77A9400E92A69 /* CopyFiles */ = {
			isa = PBXCopyFilesBuildPhase;
			buildActionMask = 2147483647;
			dstPath = /usr/share/man/man1/;
			dstSubfolderSpec = 0;
			files = (
			);
			runOnlyForDeploymentPostprocessing = 1;
		};
/* End PBXCopyFilesBuildPhase section */

/* Begin PBXFileReference section */
		7293D25E29E77A9400E92A69 /* zadanie5 */ = {isa = PBXFileReference; explicitFileType = "compiled.mach-o.executable"; includeInIndex = 0; path = zadanie5; sourceTree = BUILT_PRODUCTS_DIR; };
		7293D26129E77A9400E92A69 /* main.cpp */ = {isa = PBXFileReference; lastKnownFileType = sourcecode.cpp.cpp; path = main.cpp; sourceTree = "<group>"; };
		7293D27A29E77DC000E92A69 /* namedColor.hpp */ = {isa = PBXFileReference; fileEncoding = 4; lastKnownFileType = sourcecode.cpp.h; path = namedColor.hpp; sourceTree = "<group>"; };
		7293D27B29E77DC000E92A69 /* colornt.cpp */ = {isa = PBXFileReference; fileEncoding = 4; lastKnownFileType = sourcecode.cpp.cpp; path = colornt.cpp; sourceTree = "<group>"; };
		7293D27C29E77DC000E92A69 /* color.cpp */ = {isa = PBXFileReference; fileEncoding = 4; lastKnownFileType = sourcecode.cpp.cpp; path = color.cpp; sourceTree = "<group>"; };
		7293D27D29E77DC000E92A69 /* pixel.hpp */ = {isa = PBXFileReference; fileEncoding = 4; lastKnownFileType = sourcecode.cpp.h; path = pixel.hpp; sourceTree = "<group>"; };
		7293D27E29E77DC000E92A69 /* transparentColor.hpp */ = {isa = PBXFileReference; fileEncoding = 4; lastKnownFileType = sourcecode.cpp.h; path = transparentColor.hpp; sourceTree = "<group>"; };
		7293D27F29E77DC000E92A69 /* colornt.hpp */ = {isa = PBXFileReference; fileEncoding = 4; lastKnownFileType = sourcecode.cpp.h; path = colornt.hpp; sourceTree = "<group>"; };
		7293D28029E77DC000E92A69 /* namedColor.cpp */ = {isa = PBXFileReference; fileEncoding = 4; lastKnownFileType = sourcecode.cpp.cpp; path = namedColor.cpp; sourceTree = "<group>"; };
		7293D28129E77DC000E92A69 /* pixel.cpp */ = {isa = PBXFileReference; fileEncoding = 4; lastKnownFileType = sourcecode.cpp.cpp; path = pixel.cpp; sourceTree = "<group>"; };
		7293D28229E77DC000E92A69 /* coloredPixel.hpp */ = {isa = PBXFileReference; fileEncoding = 4; lastKnownFileType = sourcecode.cpp.h; path = coloredPixel.hpp; sourceTree = "<group>"; };
		7293D28329E77DC000E92A69 /* color.hpp */ = {isa = PBXFileReference; fileEncoding = 4; lastKnownFileType = sourcecode.cpp.h; path = color.hpp; sourceTree = "<group>"; };
		7293D28429E77DC000E92A69 /* coloredPixel.cpp */ = {isa = PBXFileReference; fileEncoding = 4; lastKnownFileType = sourcecode.cpp.cpp; path = coloredPixel.cpp; sourceTree = "<group>"; };
		7293D28529E77DC000E92A69 /* transparentColor.cpp */ = {isa = PBXFileReference; fileEncoding = 4; lastKnownFileType = sourcecode.cpp.cpp; path = transparentColor.cpp; sourceTree = "<group>"; };
/* End PBXFileReference section */

/* Begin PBXFrameworksBuildPhase section */
		7293D25B29E77A9400E92A69 /* Frameworks */ = {
			isa = PBXFrameworksBuildPhase;
			buildActionMask = 2147483647;
			files = (
			);
			runOnlyForDeploymentPostprocessing = 0;
		};
/* End PBXFrameworksBuildPhase section */

/* Begin PBXGroup section */
		7293D25529E77A9400E92A69 = {
			isa = PBXGroup;
			children = (
				7293D26029E77A9400E92A69 /* zadanie5 */,
				7293D25F29E77A9400E92A69 /* Products */,
			);
			sourceTree = "<group>";
		};
		7293D25F29E77A9400E92A69 /* Products */ = {
			isa = PBXGroup;
			children = (
				7293D25E29E77A9400E92A69 /* zadanie5 */,
			);
			name = Products;
			sourceTree = "<group>";
		};
		7293D26029E77A9400E92A69 /* zadanie5 */ = {
			isa = PBXGroup;
			children = (
				7293D26129E77A9400E92A69 /* main.cpp */,
				7293D27C29E77DC000E92A69 /* color.cpp */,
				7293D28329E77DC000E92A69 /* color.hpp */,
				7293D28429E77DC000E92A69 /* coloredPixel.cpp */,
				7293D28229E77DC000E92A69 /* coloredPixel.hpp */,
				7293D27B29E77DC000E92A69 /* colornt.cpp */,
				7293D27F29E77DC000E92A69 /* colornt.hpp */,
				7293D28029E77DC000E92A69 /* namedColor.cpp */,
				7293D27A29E77DC000E92A69 /* namedColor.hpp */,
				7293D28129E77DC000E92A69 /* pixel.cpp */,
				7293D27D29E77DC000E92A69 /* pixel.hpp */,
				7293D28529E77DC000E92A69 /* transparentColor.cpp */,
				7293D27E29E77DC000E92A69 /* transparentColor.hpp */,
			);
			path = zadanie5;
			sourceTree = "<group>";
		};
/* End PBXGroup section */

/* Begin PBXNativeTarget section */
		7293D25D29E77A9400E92A69 /* zadanie5 */ = {
			isa = PBXNativeTarget;
			buildConfigurationList = 7293D26529E77A9400E92A69 /* Build configuration list for PBXNativeTarget "zadanie5" */;
			buildPhases = (
				7293D25A29E77A9400E92A69 /* Sources */,
				7293D25B29E77A9400E92A69 /* Frameworks */,
				7293D25C29E77A9400E92A69 /* CopyFiles */,
			);
			buildRules = (
			);
			dependencies = (
			);
			name = zadanie5;
			productName = zadanie5;
			productReference = 7293D25E29E77A9400E92A69 /* zadanie5 */;
			productType = "com.apple.product-type.tool";
		};
/* End PBXNativeTarget section */

/* Begin PBXProject section */
		7293D25629E77A9400E92A69 /* Project object */ = {
			isa = PBXProject;
			attributes = {
				BuildIndependentTargetsInParallel = 1;
				LastUpgradeCheck = 1420;
				TargetAttributes = {
					7293D25D29E77A9400E92A69 = {
						CreatedOnToolsVersion = 14.2;
					};
				};
			};
			buildConfigurationList = 7293D25929E77A9400E92A69 /* Build configuration list for PBXProject "zadanie5" */;
			compatibilityVersion = "Xcode 14.0";
			developmentRegion = en;
			hasScannedForEncodings = 0;
			knownRegions = (
				en,
				Base,
			);
			mainGroup = 7293D25529E77A9400E92A69;
			productRefGroup = 7293D25F29E77A9400E92A69 /* Products */;
			projectDirPath = "";
			projectRoot = "";
			targets = (
				7293D25D29E77A9400E92A69 /* zadanie5 */,
			);
		};
/* End PBXProject section */

/* Begin PBXSourcesBuildPhase section */
		7293D25A29E77A9400E92A69 /* Sources */ = {
			isa = PBXSourcesBuildPhase;
			buildActionMask = 2147483647;
			files = (
				7293D28729E77DC000E92A69 /* color.cpp in Sources */,
				7293D28929E77DC000E92A69 /* pixel.cpp in Sources */,
				7293D28B29E77DC000E92A69 /* transparentColor.cpp in Sources */,
				7293D26229E77A9400E92A69 /* main.cpp in Sources */,
				7293D28A29E77DC000E92A69 /* coloredPixel.cpp in Sources */,
				7293D28629E77DC000E92A69 /* colornt.cpp in Sources */,
				7293D28829E77DC000E92A69 /* namedColor.cpp in Sources */,
			);
			runOnlyForDeploymentPostprocessing = 0;
		};
/* End PBXSourcesBuildPhase section */

/* Begin XCBuildConfiguration section */
		7293D26329E77A9400E92A69 /* Debug */ = {
			isa = XCBuildConfiguration;
			buildSettings = {
				ALWAYS_SEARCH_USER_PATHS = NO;
				CLANG_ANALYZER_NONNULL = YES;
				CLANG_ANALYZER_NUMBER_OBJECT_CONVERSION = YES_AGGRESSIVE;
				CLANG_CXX_LANGUAGE_STANDARD = "gnu++20";
				CLANG_ENABLE_MODULES = YES;
				CLANG_ENABLE_OBJC_ARC = YES;
				CLANG_ENABLE_OBJC_WEAK = YES;
				CLANG_WARN_BLOCK_CAPTURE_AUTORELEASING = YES;
				CLANG_WARN_BOOL_CONVERSION = YES;
				CLANG_WARN_COMMA = YES;
				CLANG_WARN_CONSTANT_CONVERSION = YES;
				CLANG_WARN_DEPRECATED_OBJC_IMPLEMENTATIONS = YES;
				CLANG_WARN_DIRECT_OBJC_ISA_USAGE = YES_ERROR;
				CLANG_WARN_DOCUMENTATION_COMMENTS = YES;
				CLANG_WARN_EMPTY_BODY = YES;
				CLANG_WARN_ENUM_CONVERSION = YES;
				CLANG_WARN_INFINITE_RECURSION = YES;
				CLANG_WARN_INT_CONVERSION = YES;
				CLANG_WARN_NON_LITERAL_NULL_CONVERSION = YES;
				CLANG_WARN_OBJC_IMPLICIT_RETAIN_SELF = YES;
				CLANG_WARN_OBJC_LITERAL_CONVERSION = YES;
				CLANG_WARN_OBJC_ROOT_CLASS = YES_ERROR;
				CLANG_WARN_QUOTED_INCLUDE_IN_FRAMEWORK_HEADER = YES;
				CLANG_WARN_RANGE_LOOP_ANALYSIS = YES;
				CLANG_WARN_STRICT_PROTOTYPES = YES;
				CLANG_WARN_SUSPICIOUS_MOVE = YES;
				CLANG_WARN_UNGUARDED_AVAILABILITY = YES_AGGRESSIVE;
				CLANG_WARN_UNREACHABLE_CODE = YES;
				CLANG_WARN__DUPLICATE_METHOD_MATCH = YES;
				COPY_PHASE_STRIP = NO;
				DEBUG_INFORMATION_FORMAT = dwarf;
				ENABLE_STRICT_OBJC_MSGSEND = YES;
				ENABLE_TESTABILITY = YES;
				GCC_C_LANGUAGE_STANDARD = gnu11;
				GCC_DYNAMIC_NO_PIC = NO;
				GCC_NO_COMMON_BLOCKS = YES;
				GCC_OPTIMIZATION_LEVEL = 0;
				GCC_PREPROCESSOR_DEFINITIONS = (
					"DEBUG=1",
					"$(inherited)",
				);
				GCC_WARN_64_TO_32_BIT_CONVERSION = YES;
				GCC_WARN_ABOUT_RETURN_TYPE = YES_ERROR;
				GCC_WARN_UNDECLARED_SELECTOR = YES;
				GCC_WARN_UNINITIALIZED_AUTOS = YES_AGGRESSIVE;
				GCC_WARN_UNUSED_FUNCTION = YES;
				GCC_WARN_UNUSED_VARIABLE = YES;
				MACOSX_DEPLOYMENT_TARGET = 13.1;
				MTL_ENABLE_DEBUG_INFO = INCLUDE_SOURCE;
				MTL_FAST_MATH = YES;
				ONLY_ACTIVE_ARCH = YES;
				SDKROOT = macosx;
			};
			name = Debug;
		};
		7293D26429E77A9400E92A69 /* Release */ = {
			isa = XCBuildConfiguration;
			buildSettings = {
				ALWAYS_SEARCH_USER_PATHS = NO;
				CLANG_ANALYZER_NONNULL = YES;
				CLANG_ANALYZER_NUMBER_OBJECT_CONVERSION = YES_AGGRESSIVE;
				CLANG_CXX_LANGUAGE_STANDARD = "gnu++20";
				CLANG_ENABLE_MODULES = YES;
				CLANG_ENABLE_OBJC_ARC = YES;
				CLANG_ENABLE_OBJC_WEAK = YES;
				CLANG_WARN_BLOCK_CAPTURE_AUTORELEASING = YES;
				CLANG_WARN_BOOL_CONVERSION = YES;
				CLANG_WARN_COMMA = YES;
				CLANG_WARN_CONSTANT_CONVERSION = YES;
				CLANG_WARN_DEPRECATED_OBJC_IMPLEMENTATIONS = YES;
				CLANG_WARN_DIRECT_OBJC_ISA_USAGE = YES_ERROR;
				CLANG_WARN_DOCUMENTATION_COMMENTS = YES;
				CLANG_WARN_EMPTY_BODY = YES;
				CLANG_WARN_ENUM_CONVERSION = YES;
				CLANG_WARN_INFINITE_RECURSION = YES;
				CLANG_WARN_INT_CONVERSION = YES;
				CLANG_WARN_NON_LITERAL_NULL_CONVERSION = YES;
				CLANG_WARN_OBJC_IMPLICIT_RETAIN_SELF = YES;
				CLANG_WARN_OBJC_LITERAL_CONVERSION = YES;
				CLANG_WARN_OBJC_ROOT_CLASS = YES_ERROR;
				CLANG_WARN_QUOTED_INCLUDE_IN_FRAMEWORK_HEADER = YES;
				CLANG_WARN_RANGE_LOOP_ANALYSIS = YES;
				CLANG_WARN_STRICT_PROTOTYPES = YES;
				CLANG_WARN_SUSPICIOUS_MOVE = YES;
				CLANG_WARN_UNGUARDED_AVAILABILITY = YES_AGGRESSIVE;
				CLANG_WARN_UNREACHABLE_CODE = YES;
				CLANG_WARN__DUPLICATE_METHOD_MATCH = YES;
				COPY_PHASE_STRIP = NO;
				DEBUG_INFORMATION_FORMAT = "dwarf-with-dsym";
				ENABLE_NS_ASSERTIONS = NO;
				ENABLE_STRICT_OBJC_MSGSEND = YES;
				GCC_C_LANGUAGE_STANDARD = gnu11;
				GCC_NO_COMMON_BLOCKS = YES;
				GCC_WARN_64_TO_32_BIT_CONVERSION = YES;
				GCC_WARN_ABOUT_RETURN_TYPE = YES_ERROR;
				GCC_WARN_UNDECLARED_SELECTOR = YES;
				GCC_WARN_UNINITIALIZED_AUTOS = YES_AGGRESSIVE;
				GCC_WARN_UNUSED_FUNCTION = YES;
				GCC_WARN_UNUSED_VARIABLE = YES;
				MACOSX_DEPLOYMENT_TARGET = 13.1;
				MTL_ENABLE_DEBUG_INFO = NO;
				MTL_FAST_MATH = YES;
				SDKROOT = macosx;
			};
			name = Release;
		};
		7293D26629E77A9400E92A69 /* Debug */ = {
			isa = XCBuildConfiguration;
			buildSettings = {
				CODE_SIGN_STYLE = Automatic;
				DEVELOPMENT_TEAM = 59X98VJA56;
				ENABLE_HARDENED_RUNTIME = YES;
				PRODUCT_NAME = "$(TARGET_NAME)";
			};
			name = Debug;
		};
		7293D26729E77A9400E92A69 /* Release */ = {
			isa = XCBuildConfiguration;
			buildSettings = {
				CODE_SIGN_STYLE = Automatic;
				DEVELOPMENT_TEAM = 59X98VJA56;
				ENABLE_HARDENED_RUNTIME = YES;
				PRODUCT_NAME = "$(TARGET_NAME)";
			};
			name = Release;
		};
/* End XCBuildConfiguration section */

/* Begin XCConfigurationList section */
		7293D25929E77A9400E92A69 /* Build configuration list for PBXProject "zadanie5" */ = {
			isa = XCConfigurationList;
			buildConfigurations = (
				7293D26329E77A9400E92A69 /* Debug */,
				7293D26429E77A9400E92A69 /* Release */,
			);
			defaultConfigurationIsVisible = 0;
			defaultConfigurationName = Release;
		};
		7293D26529E77A9400E92A69 /* Build configuration list for PBXNativeTarget "zadanie5" */ = {
			isa = XCConfigurationList;
			buildConfigurations = (
				7293D26629E77A9400E92A69 /* Debug */,
				7293D26729E77A9400E92A69 /* Release */,
			);
			defaultConfigurationIsVisible = 0;
			defaultConfigurationName = Release;
		};
/* End XCConfigurationList section */
	};
	rootObject = 7293D25629E77A9400E92A69 /* Project object */;
}
