// !$*UTF8*$!
{
	archiveVersion = 1;
	classes = {
	};
	objectVersion = 56;
	objects = {

/* Begin PBXBuildFile section */
		7259104429F9959A00285968 /* GameState.cpp in Sources */ = {isa = PBXBuildFile; fileRef = 7259104229F9959A00285968 /* GameState.cpp */; };
		7259104729F995F300285968 /* ComputerMove.cpp in Sources */ = {isa = PBXBuildFile; fileRef = 7259104529F995F300285968 /* ComputerMove.cpp */; };
		7259104A29F9965C00285968 /* UserInterface.cpp in Sources */ = {isa = PBXBuildFile; fileRef = 7259104829F9965C00285968 /* UserInterface.cpp */; };
		72A76ADA29F4719F00E0CBBF /* main.cpp in Sources */ = {isa = PBXBuildFile; fileRef = 72A76AD929F4719F00E0CBBF /* main.cpp */; };
/* End PBXBuildFile section */

/* Begin PBXCopyFilesBuildPhase section */
		72A76AD429F4719F00E0CBBF /* CopyFiles */ = {
			isa = PBXCopyFilesBuildPhase;
			buildActionMask = 2147483647;
			dstPath = /usr/share/man/man1/;
			dstSubfolderSpec = 0;
			files = (
			);
			runOnlyForDeploymentPostprocessing = 1;
		};
/* End PBXCopyFilesBuildPhase section */

/* Begin PBXFileReference section */
		7259104229F9959A00285968 /* GameState.cpp */ = {isa = PBXFileReference; lastKnownFileType = sourcecode.cpp.cpp; path = GameState.cpp; sourceTree = "<group>"; };
		7259104329F9959A00285968 /* GameState.hpp */ = {isa = PBXFileReference; lastKnownFileType = sourcecode.cpp.h; path = GameState.hpp; sourceTree = "<group>"; };
		7259104529F995F300285968 /* ComputerMove.cpp */ = {isa = PBXFileReference; lastKnownFileType = sourcecode.cpp.cpp; path = ComputerMove.cpp; sourceTree = "<group>"; };
		7259104629F995F300285968 /* ComputerMove.hpp */ = {isa = PBXFileReference; lastKnownFileType = sourcecode.cpp.h; path = ComputerMove.hpp; sourceTree = "<group>"; };
		7259104829F9965C00285968 /* UserInterface.cpp */ = {isa = PBXFileReference; lastKnownFileType = sourcecode.cpp.cpp; path = UserInterface.cpp; sourceTree = "<group>"; };
		7259104929F9965C00285968 /* UserInterface.hpp */ = {isa = PBXFileReference; lastKnownFileType = sourcecode.cpp.h; path = UserInterface.hpp; sourceTree = "<group>"; };
		72A76AD629F4719F00E0CBBF /* zadanie7 */ = {isa = PBXFileReference; explicitFileType = "compiled.mach-o.executable"; includeInIndex = 0; path = zadanie7; sourceTree = BUILT_PRODUCTS_DIR; };
		72A76AD929F4719F00E0CBBF /* main.cpp */ = {isa = PBXFileReference; lastKnownFileType = sourcecode.cpp.cpp; path = main.cpp; sourceTree = "<group>"; };
/* End PBXFileReference section */

/* Begin PBXFrameworksBuildPhase section */
		72A76AD329F4719F00E0CBBF /* Frameworks */ = {
			isa = PBXFrameworksBuildPhase;
			buildActionMask = 2147483647;
			files = (
			);
			runOnlyForDeploymentPostprocessing = 0;
		};
/* End PBXFrameworksBuildPhase section */

/* Begin PBXGroup section */
		72A76ACD29F4719F00E0CBBF = {
			isa = PBXGroup;
			children = (
				72A76AD829F4719F00E0CBBF /* zadanie7 */,
				72A76AD729F4719F00E0CBBF /* Products */,
			);
			sourceTree = "<group>";
		};
		72A76AD729F4719F00E0CBBF /* Products */ = {
			isa = PBXGroup;
			children = (
				72A76AD629F4719F00E0CBBF /* zadanie7 */,
			);
			name = Products;
			sourceTree = "<group>";
		};
		72A76AD829F4719F00E0CBBF /* zadanie7 */ = {
			isa = PBXGroup;
			children = (
				7259104529F995F300285968 /* ComputerMove.cpp */,
				7259104629F995F300285968 /* ComputerMove.hpp */,
				7259104229F9959A00285968 /* GameState.cpp */,
				7259104329F9959A00285968 /* GameState.hpp */,
				7259104829F9965C00285968 /* UserInterface.cpp */,
				7259104929F9965C00285968 /* UserInterface.hpp */,
				72A76AD929F4719F00E0CBBF /* main.cpp */,
			);
			path = zadanie7;
			sourceTree = "<group>";
		};
/* End PBXGroup section */

/* Begin PBXNativeTarget section */
		72A76AD529F4719F00E0CBBF /* zadanie7 */ = {
			isa = PBXNativeTarget;
			buildConfigurationList = 72A76ADD29F4719F00E0CBBF /* Build configuration list for PBXNativeTarget "zadanie7" */;
			buildPhases = (
				72A76AD229F4719F00E0CBBF /* Sources */,
				72A76AD329F4719F00E0CBBF /* Frameworks */,
				72A76AD429F4719F00E0CBBF /* CopyFiles */,
			);
			buildRules = (
			);
			dependencies = (
			);
			name = zadanie7;
			productName = zadanie7;
			productReference = 72A76AD629F4719F00E0CBBF /* zadanie7 */;
			productType = "com.apple.product-type.tool";
		};
/* End PBXNativeTarget section */

/* Begin PBXProject section */
		72A76ACE29F4719F00E0CBBF /* Project object */ = {
			isa = PBXProject;
			attributes = {
				BuildIndependentTargetsInParallel = 1;
				LastUpgradeCheck = 1420;
				TargetAttributes = {
					72A76AD529F4719F00E0CBBF = {
						CreatedOnToolsVersion = 14.2;
					};
				};
			};
			buildConfigurationList = 72A76AD129F4719F00E0CBBF /* Build configuration list for PBXProject "zadanie7" */;
			compatibilityVersion = "Xcode 14.0";
			developmentRegion = en;
			hasScannedForEncodings = 0;
			knownRegions = (
				en,
				Base,
			);
			mainGroup = 72A76ACD29F4719F00E0CBBF;
			productRefGroup = 72A76AD729F4719F00E0CBBF /* Products */;
			projectDirPath = "";
			projectRoot = "";
			targets = (
				72A76AD529F4719F00E0CBBF /* zadanie7 */,
			);
		};
/* End PBXProject section */

/* Begin PBXSourcesBuildPhase section */
		72A76AD229F4719F00E0CBBF /* Sources */ = {
			isa = PBXSourcesBuildPhase;
			buildActionMask = 2147483647;
			files = (
				7259104729F995F300285968 /* ComputerMove.cpp in Sources */,
				72A76ADA29F4719F00E0CBBF /* main.cpp in Sources */,
				7259104A29F9965C00285968 /* UserInterface.cpp in Sources */,
				7259104429F9959A00285968 /* GameState.cpp in Sources */,
			);
			runOnlyForDeploymentPostprocessing = 0;
		};
/* End PBXSourcesBuildPhase section */

/* Begin XCBuildConfiguration section */
		72A76ADB29F4719F00E0CBBF /* Debug */ = {
			isa = XCBuildConfiguration;
			buildSettings = {
				ALWAYS_SEARCH_USER_PATHS = NO;
				CLANG_ANALYZER_NONNULL = YES;
				CLANG_ANALYZER_NUMBER_OBJECT_CONVERSION = YES_AGGRESSIVE;
				CLANG_CXX_LANGUAGE_STANDARD = "gnu++20";
				CLANG_ENABLE_MODULES = YES;
				CLANG_ENABLE_OBJC_ARC = YES;
				CLANG_ENABLE_OBJC_WEAK = YES;
				CLANG_WARN_BLOCK_CAPTURE_AUTORELEASING = YES;
				CLANG_WARN_BOOL_CONVERSION = YES;
				CLANG_WARN_COMMA = YES;
				CLANG_WARN_CONSTANT_CONVERSION = YES;
				CLANG_WARN_DEPRECATED_OBJC_IMPLEMENTATIONS = YES;
				CLANG_WARN_DIRECT_OBJC_ISA_USAGE = YES_ERROR;
				CLANG_WARN_DOCUMENTATION_COMMENTS = YES;
				CLANG_WARN_EMPTY_BODY = YES;
				CLANG_WARN_ENUM_CONVERSION = YES;
				CLANG_WARN_INFINITE_RECURSION = YES;
				CLANG_WARN_INT_CONVERSION = YES;
				CLANG_WARN_NON_LITERAL_NULL_CONVERSION = YES;
				CLANG_WARN_OBJC_IMPLICIT_RETAIN_SELF = YES;
				CLANG_WARN_OBJC_LITERAL_CONVERSION = YES;
				CLANG_WARN_OBJC_ROOT_CLASS = YES_ERROR;
				CLANG_WARN_QUOTED_INCLUDE_IN_FRAMEWORK_HEADER = YES;
				CLANG_WARN_RANGE_LOOP_ANALYSIS = YES;
				CLANG_WARN_STRICT_PROTOTYPES = YES;
				CLANG_WARN_SUSPICIOUS_MOVE = YES;
				CLANG_WARN_UNGUARDED_AVAILABILITY = YES_AGGRESSIVE;
				CLANG_WARN_UNREACHABLE_CODE = YES;
				CLANG_WARN__DUPLICATE_METHOD_MATCH = YES;
				COPY_PHASE_STRIP = NO;
				DEBUG_INFORMATION_FORMAT = dwarf;
				ENABLE_STRICT_OBJC_MSGSEND = YES;
				ENABLE_TESTABILITY = YES;
				GCC_C_LANGUAGE_STANDARD = gnu11;
				GCC_DYNAMIC_NO_PIC = NO;
				GCC_NO_COMMON_BLOCKS = YES;
				GCC_OPTIMIZATION_LEVEL = 0;
				GCC_PREPROCESSOR_DEFINITIONS = (
					"DEBUG=1",
					"$(inherited)",
				);
				GCC_WARN_64_TO_32_BIT_CONVERSION = YES;
				GCC_WARN_ABOUT_RETURN_TYPE = YES_ERROR;
				GCC_WARN_UNDECLARED_SELECTOR = YES;
				GCC_WARN_UNINITIALIZED_AUTOS = YES_AGGRESSIVE;
				GCC_WARN_UNUSED_FUNCTION = YES;
				GCC_WARN_UNUSED_VARIABLE = YES;
				MACOSX_DEPLOYMENT_TARGET = 13.1;
				MTL_ENABLE_DEBUG_INFO = INCLUDE_SOURCE;
				MTL_FAST_MATH = YES;
				ONLY_ACTIVE_ARCH = YES;
				SDKROOT = macosx;
			};
			name = Debug;
		};
		72A76ADC29F4719F00E0CBBF /* Release */ = {
			isa = XCBuildConfiguration;
			buildSettings = {
				ALWAYS_SEARCH_USER_PATHS = NO;
				CLANG_ANALYZER_NONNULL = YES;
				CLANG_ANALYZER_NUMBER_OBJECT_CONVERSION = YES_AGGRESSIVE;
				CLANG_CXX_LANGUAGE_STANDARD = "gnu++20";
				CLANG_ENABLE_MODULES = YES;
				CLANG_ENABLE_OBJC_ARC = YES;
				CLANG_ENABLE_OBJC_WEAK = YES;
				CLANG_WARN_BLOCK_CAPTURE_AUTORELEASING = YES;
				CLANG_WARN_BOOL_CONVERSION = YES;
				CLANG_WARN_COMMA = YES;
				CLANG_WARN_CONSTANT_CONVERSION = YES;
				CLANG_WARN_DEPRECATED_OBJC_IMPLEMENTATIONS = YES;
				CLANG_WARN_DIRECT_OBJC_ISA_USAGE = YES_ERROR;
				CLANG_WARN_DOCUMENTATION_COMMENTS = YES;
				CLANG_WARN_EMPTY_BODY = YES;
				CLANG_WARN_ENUM_CONVERSION = YES;
				CLANG_WARN_INFINITE_RECURSION = YES;
				CLANG_WARN_INT_CONVERSION = YES;
				CLANG_WARN_NON_LITERAL_NULL_CONVERSION = YES;
				CLANG_WARN_OBJC_IMPLICIT_RETAIN_SELF = YES;
				CLANG_WARN_OBJC_LITERAL_CONVERSION = YES;
				CLANG_WARN_OBJC_ROOT_CLASS = YES_ERROR;
				CLANG_WARN_QUOTED_INCLUDE_IN_FRAMEWORK_HEADER = YES;
				CLANG_WARN_RANGE_LOOP_ANALYSIS = YES;
				CLANG_WARN_STRICT_PROTOTYPES = YES;
				CLANG_WARN_SUSPICIOUS_MOVE = YES;
				CLANG_WARN_UNGUARDED_AVAILABILITY = YES_AGGRESSIVE;
				CLANG_WARN_UNREACHABLE_CODE = YES;
				CLANG_WARN__DUPLICATE_METHOD_MATCH = YES;
				COPY_PHASE_STRIP = NO;
				DEBUG_INFORMATION_FORMAT = "dwarf-with-dsym";
				ENABLE_NS_ASSERTIONS = NO;
				ENABLE_STRICT_OBJC_MSGSEND = YES;
				GCC_C_LANGUAGE_STANDARD = gnu11;
				GCC_NO_COMMON_BLOCKS = YES;
				GCC_WARN_64_TO_32_BIT_CONVERSION = YES;
				GCC_WARN_ABOUT_RETURN_TYPE = YES_ERROR;
				GCC_WARN_UNDECLARED_SELECTOR = YES;
				GCC_WARN_UNINITIALIZED_AUTOS = YES_AGGRESSIVE;
				GCC_WARN_UNUSED_FUNCTION = YES;
				GCC_WARN_UNUSED_VARIABLE = YES;
				MACOSX_DEPLOYMENT_TARGET = 13.1;
				MTL_ENABLE_DEBUG_INFO = NO;
				MTL_FAST_MATH = YES;
				SDKROOT = macosx;
			};
			name = Release;
		};
		72A76ADE29F4719F00E0CBBF /* Debug */ = {
			isa = XCBuildConfiguration;
			buildSettings = {
				CODE_SIGN_STYLE = Automatic;
				DEVELOPMENT_TEAM = 59X98VJA56;
				ENABLE_HARDENED_RUNTIME = YES;
				PRODUCT_NAME = "$(TARGET_NAME)";
			};
			name = Debug;
		};
		72A76ADF29F4719F00E0CBBF /* Release */ = {
			isa = XCBuildConfiguration;
			buildSettings = {
				CODE_SIGN_STYLE = Automatic;
				DEVELOPMENT_TEAM = 59X98VJA56;
				ENABLE_HARDENED_RUNTIME = YES;
				PRODUCT_NAME = "$(TARGET_NAME)";
			};
			name = Release;
		};
/* End XCBuildConfiguration section */

/* Begin XCConfigurationList section */
		72A76AD129F4719F00E0CBBF /* Build configuration list for PBXProject "zadanie7" */ = {
			isa = XCConfigurationList;
			buildConfigurations = (
				72A76ADB29F4719F00E0CBBF /* Debug */,
				72A76ADC29F4719F00E0CBBF /* Release */,
			);
			defaultConfigurationIsVisible = 0;
			defaultConfigurationName = Release;
		};
		72A76ADD29F4719F00E0CBBF /* Build configuration list for PBXNativeTarget "zadanie7" */ = {
			isa = XCConfigurationList;
			buildConfigurations = (
				72A76ADE29F4719F00E0CBBF /* Debug */,
				72A76ADF29F4719F00E0CBBF /* Release */,
			);
			defaultConfigurationIsVisible = 0;
			defaultConfigurationName = Release;
		};
/* End XCConfigurationList section */
	};
	rootObject = 72A76ACE29F4719F00E0CBBF /* Project object */;
}
